{
  "name": "prisma",
  "version": "1.0.0",
  "lockfileVersion": 3,
  "requires": true,
  "packages": {
    "": {
      "name": "prisma",
      "version": "1.0.0",
      "license": "ISC",
      "dependencies": {
        "@prisma/client": "^5.20.0",
        "prisma": "file:"
      }
    },
    "node_modules/@prisma/client": {
      "version": "5.20.0",
      "resolved": "https://registry.npmjs.org/@prisma/client/-/client-5.20.0.tgz",
      "integrity": "sha512-CLv55ZuMuUawMsxoqxGtLT3bEZoa2W8L3Qnp6rDIFWy+ZBrUcOFKdoeGPSnbBqxc3SkdxJrF+D1veN/WNynZYA==",
      "hasInstallScript": true,
      "license": "Apache-2.0",
      "engines": {
        "node": ">=16.13"
      },
      "peerDependencies": {
        "prisma": "*"
      },
      "peerDependenciesMeta": {
        "prisma": {
          "optional": true
        }
      }
    },
    "node_modules/prisma": {
      "resolved": "",
      "link": true
    }
  }
}
